
Microsoft Visual Studio Solution File, Format Version 12.00
# Visual Studio Version 17
VisualStudioVersion = 17.3.32825.248
MinimumVisualStudioVersion = 10.0.40219.1
Project("{FAE04EC0-301F-11D3-BF4B-00C04F79EFBC}") = "HraVKostky", "HraVKostky\HraVKostky.csproj", "{B8F42018-E178-4107-BCEA-791D394797C7}"
EndProject
Global
	GlobalSection(SolutionConfigurationPlatforms) = preSolution
		Debug|Any CPU = Debug|Any CPU
		Release|Any CPU = Release|Any CPU
	EndGlobalSection
	GlobalSection(ProjectConfigurationPlatforms) = postSolution
		{B8F42018-E178-4107-BCEA-791D394797C7}.Debug|Any CPU.ActiveCfg = Debug|Any CPU
		{B8F42018-E178-4107-BCEA-791D394797C7}.Debug|Any CPU.Build.0 = Debug|Any CPU
		{B8F42018-E178-4107-BCEA-791D394797C7}.Release|Any CPU.ActiveCfg = Release|Any CPU
		{B8F42018-E178-4107-BCEA-791D394797C7}.Release|Any CPU.Build.0 = Release|Any CPU
	EndGlobalSection
	GlobalSection(SolutionProperties) = preSolution
		HideSolutionNode = FALSE
	EndGlobalSection
	GlobalSection(ExtensibilityGlobals) = postSolution
		SolutionGuid = {D7A05FF3-C80C-47EE-B405-A67070152B09}
	EndGlobalSection
EndGlobal
